
Microsoft Visual Studio Solution File, Format Version 12.00
# Visual Studio Version 17
VisualStudioVersion = 17.14.36221.1 d17.14
MinimumVisualStudioVersion = 10.0.40219.1
Project("{FAE04EC0-301F-11D3-BF4B-00C04F79EFBC}") = "WeatherCSApp", "WeatherCSApp\WeatherCSApp.csproj", "{0F3BCBCD-1880-4B28-BD5F-7C80D20703E5}"
EndProject
Project("{FAE04EC0-301F-11D3-BF4B-00C04F79EFBC}") = "WeatherCSTest", "WeatherCSTest\WeatherCSTest.csproj", "{D6F19A1D-1F5E-46FB-AA76-CF37F164D5D7}"
EndProject
Project("{FAE04EC0-301F-11D3-BF4B-00C04F79EFBC}") = "WeatherCSLib", "WeatherCSLib\WeatherCSLib.csproj", "{FBBB795C-ABD0-48F3-8277-C2A0D85A06AA}"
EndProject
Global
	GlobalSection(SolutionConfigurationPlatforms) = preSolution
		Debug|Any CPU = Debug|Any CPU
		Release|Any CPU = Release|Any CPU
	EndGlobalSection
	GlobalSection(ProjectConfigurationPlatforms) = postSolution
		{0F3BCBCD-1880-4B28-BD5F-7C80D20703E5}.Debug|Any CPU.ActiveCfg = Debug|Any CPU
		{0F3BCBCD-1880-4B28-BD5F-7C80D20703E5}.Debug|Any CPU.Build.0 = Debug|Any CPU
		{0F3BCBCD-1880-4B28-BD5F-7C80D20703E5}.Release|Any CPU.ActiveCfg = Release|Any CPU
		{0F3BCBCD-1880-4B28-BD5F-7C80D20703E5}.Release|Any CPU.Build.0 = Release|Any CPU
		{D6F19A1D-1F5E-46FB-AA76-CF37F164D5D7}.Debug|Any CPU.ActiveCfg = Debug|Any CPU
		{D6F19A1D-1F5E-46FB-AA76-CF37F164D5D7}.Debug|Any CPU.Build.0 = Debug|Any CPU
		{D6F19A1D-1F5E-46FB-AA76-CF37F164D5D7}.Release|Any CPU.ActiveCfg = Release|Any CPU
		{D6F19A1D-1F5E-46FB-AA76-CF37F164D5D7}.Release|Any CPU.Build.0 = Release|Any CPU
		{FBBB795C-ABD0-48F3-8277-C2A0D85A06AA}.Debug|Any CPU.ActiveCfg = Debug|Any CPU
		{FBBB795C-ABD0-48F3-8277-C2A0D85A06AA}.Debug|Any CPU.Build.0 = Debug|Any CPU
		{FBBB795C-ABD0-48F3-8277-C2A0D85A06AA}.Release|Any CPU.ActiveCfg = Release|Any CPU
		{FBBB795C-ABD0-48F3-8277-C2A0D85A06AA}.Release|Any CPU.Build.0 = Release|Any CPU
	EndGlobalSection
	GlobalSection(SolutionProperties) = preSolution
		HideSolutionNode = FALSE
	EndGlobalSection
	GlobalSection(ExtensibilityGlobals) = postSolution
		SolutionGuid = {61098576-F5CD-4FAA-A43F-04CC41676B81}
	EndGlobalSection
EndGlobal
